
Microsoft Visual Studio Solution File, Format Version 12.00
# Visual Studio Version 16
VisualStudioVersion = 16.0.31911.196
MinimumVisualStudioVersion = 10.0.40219.1
Project("{9A19103F-16F7-4668-BE54-9A1E7A4F7556}") = "Application", "ReceiptScanner.App\Application.csproj", "{93A4D4D8-2F7C-46B3-BEC8-40DC48F4F2AF}"
EndProject
Project("{9A19103F-16F7-4668-BE54-9A1E7A4F7556}") = "Domain", "ReceiptScanner.Domain\Domain.csproj", "{FC47A6FB-0F38-4FAB-95D4-F836F8F074F5}"
EndProject
Project("{9A19103F-16F7-4668-BE54-9A1E7A4F7556}") = "Services", "ReceiptScanner.Services\Services.csproj", "{08155408-5FC2-4227-977F-26E1787ADDDC}"
EndProject
Project("{FAE04EC0-301F-11D3-BF4B-00C04F79EFBC}") = "DataAccess", "DataAccess\DataAccess.csproj", "{128E1021-ADD6-4CDC-A8A7-65754CD2583E}"
EndProject
Global
	GlobalSection(SolutionConfigurationPlatforms) = preSolution
		Debug|Any CPU = Debug|Any CPU
		Release|Any CPU = Release|Any CPU
	EndGlobalSection
	GlobalSection(ProjectConfigurationPlatforms) = postSolution
		{93A4D4D8-2F7C-46B3-BEC8-40DC48F4F2AF}.Debug|Any CPU.ActiveCfg = Debug|Any CPU
		{93A4D4D8-2F7C-46B3-BEC8-40DC48F4F2AF}.Debug|Any CPU.Build.0 = Debug|Any CPU
		{93A4D4D8-2F7C-46B3-BEC8-40DC48F4F2AF}.Release|Any CPU.ActiveCfg = Release|Any CPU
		{93A4D4D8-2F7C-46B3-BEC8-40DC48F4F2AF}.Release|Any CPU.Build.0 = Release|Any CPU
		{FC47A6FB-0F38-4FAB-95D4-F836F8F074F5}.Debug|Any CPU.ActiveCfg = Debug|Any CPU
		{FC47A6FB-0F38-4FAB-95D4-F836F8F074F5}.Debug|Any CPU.Build.0 = Debug|Any CPU
		{FC47A6FB-0F38-4FAB-95D4-F836F8F074F5}.Release|Any CPU.ActiveCfg = Release|Any CPU
		{FC47A6FB-0F38-4FAB-95D4-F836F8F074F5}.Release|Any CPU.Build.0 = Release|Any CPU
		{08155408-5FC2-4227-977F-26E1787ADDDC}.Debug|Any CPU.ActiveCfg = Debug|Any CPU
		{08155408-5FC2-4227-977F-26E1787ADDDC}.Debug|Any CPU.Build.0 = Debug|Any CPU
		{08155408-5FC2-4227-977F-26E1787ADDDC}.Release|Any CPU.ActiveCfg = Release|Any CPU
		{08155408-5FC2-4227-977F-26E1787ADDDC}.Release|Any CPU.Build.0 = Release|Any CPU
		{128E1021-ADD6-4CDC-A8A7-65754CD2583E}.Debug|Any CPU.ActiveCfg = Debug|Any CPU
		{128E1021-ADD6-4CDC-A8A7-65754CD2583E}.Debug|Any CPU.Build.0 = Debug|Any CPU
		{128E1021-ADD6-4CDC-A8A7-65754CD2583E}.Release|Any CPU.ActiveCfg = Release|Any CPU
		{128E1021-ADD6-4CDC-A8A7-65754CD2583E}.Release|Any CPU.Build.0 = Release|Any CPU
	EndGlobalSection
	GlobalSection(SolutionProperties) = preSolution
		HideSolutionNode = FALSE
	EndGlobalSection
	GlobalSection(ExtensibilityGlobals) = postSolution
		SolutionGuid = {865E6795-8DC3-479A-BCBB-42BE6A3AD5F0}
	EndGlobalSection
EndGlobal
